
Microsoft Visual Studio Solution File, Format Version 12.00
# Visual Studio Version 17
VisualStudioVersion = 17.3.32901.215
MinimumVisualStudioVersion = 10.0.40219.1
Project("{9A19103F-16F7-4668-BE54-9A1E7A4F7556}") = "PROGPOE_Part1", "PROGPOE_Part1\PROGPOE_Part1.csproj", "{A1B12300-5E80-4C6E-AD86-C47E06ED0E58}"
EndProject
Project("{FAE04EC0-301F-11D3-BF4B-00C04F79EFBC}") = "Unit_Test", "Unit_Test\Unit_Test.csproj", "{4484CB08-A1D0-4C72-A744-1000C8B7F4FE}"
EndProject
Global
	GlobalSection(SolutionConfigurationPlatforms) = preSolution
		Debug|Any CPU = Debug|Any CPU
		Release|Any CPU = Release|Any CPU
	EndGlobalSection
	GlobalSection(ProjectConfigurationPlatforms) = postSolution
		{A1B12300-5E80-4C6E-AD86-C47E06ED0E58}.Debug|Any CPU.ActiveCfg = Debug|Any CPU
		{A1B12300-5E80-4C6E-AD86-C47E06ED0E58}.Debug|Any CPU.Build.0 = Debug|Any CPU
		{A1B12300-5E80-4C6E-AD86-C47E06ED0E58}.Release|Any CPU.ActiveCfg = Release|Any CPU
		{A1B12300-5E80-4C6E-AD86-C47E06ED0E58}.Release|Any CPU.Build.0 = Release|Any CPU
		{4484CB08-A1D0-4C72-A744-1000C8B7F4FE}.Debug|Any CPU.ActiveCfg = Debug|Any CPU
		{4484CB08-A1D0-4C72-A744-1000C8B7F4FE}.Debug|Any CPU.Build.0 = Debug|Any CPU
		{4484CB08-A1D0-4C72-A744-1000C8B7F4FE}.Release|Any CPU.ActiveCfg = Release|Any CPU
		{4484CB08-A1D0-4C72-A744-1000C8B7F4FE}.Release|Any CPU.Build.0 = Release|Any CPU
	EndGlobalSection
	GlobalSection(SolutionProperties) = preSolution
		HideSolutionNode = FALSE
	EndGlobalSection
	GlobalSection(ExtensibilityGlobals) = postSolution
		SolutionGuid = {7F003F0D-1166-4CAF-99F9-FB8277312D2D}
	EndGlobalSection
EndGlobal
